{
  "name": "claude-to-opencode",
  "version": "0.1.2",
  "lockfileVersion": 3,
  "requires": true,
  "packages": {
    "": {
      "name": "claude-to-opencode",
      "version": "0.1.2",
      "license": "MIT",
      "dependencies": {
        "dsh-movein": ">=0.8.1 <0.10.0"
      },
      "bin": {
        "claude-to-opencode": "bin/cli.mjs"
      },
      "engines": {
        "node": ">=20"
      }
    },
    "node_modules/dsh-movein": {
      "version": "0.9.0",
      "resolved": "https://registry.npmjs.org/dsh-movein/-/dsh-movein-0.9.0.tgz",
      "integrity": "sha512-4WQ+hdxVgm+ToZiy/sVDuH+otmrhcovBmPgEsO6vY3n4Vdnrseu5VDNt3in9NuAtpQb7OEDFan08x1u7Km2V6w==",
      "license": "MIT",
      "dependencies": {
        "jsonc-parser": "^3.3.1"
      },
      "bin": {
        "dsh-movein": "bin/cli.mjs"
      },
      "engines": {
        "node": ">=18"
      }
    },
    "node_modules/jsonc-parser": {
      "version": "3.3.1",
      "resolved": "https://registry.npmjs.org/jsonc-parser/-/jsonc-parser-3.3.1.tgz",
      "integrity": "sha512-HUgH65KyejrUFPvHFPbqOY0rsFip3Bo5wb4ngvdi1EpCYWUQDC5V+Y7mZws+DLkr4M//zQJoanu1SP+87Dv1oQ==",
      "license": "MIT"
    }
  }
}
