{
  "name": "claude-to-opencode",
  "version": "0.2.0",
  "lockfileVersion": 3,
  "requires": true,
  "packages": {
    "": {
      "name": "claude-to-opencode",
      "version": "0.2.0",
      "license": "MIT",
      "dependencies": {
        "dsh-movein": ">=0.10.0 <0.11.0"
      },
      "bin": {
        "claude-to-opencode": "bin/cli.mjs"
      },
      "engines": {
        "node": ">=20"
      }
    },
    "node_modules/dsh-movein": {
      "version": "0.10.1",
      "resolved": "https://registry.npmjs.org/dsh-movein/-/dsh-movein-0.10.1.tgz",
      "integrity": "sha512-Hcz62hL0iH/CIVd1oeP5t7W6l35eQ7FY6bdM5PrI6dO/Nw0fiJVAESIF6n5cUEAOx3267bc7GcxTsoAWYgADxQ==",
      "license": "MIT",
      "dependencies": {
        "jsonc-parser": "^3.3.1"
      },
      "bin": {
        "dsh-movein": "bin/cli.mjs"
      },
      "engines": {
        "node": ">=18"
      }
    },
    "node_modules/jsonc-parser": {
      "version": "3.3.1",
      "resolved": "https://registry.npmjs.org/jsonc-parser/-/jsonc-parser-3.3.1.tgz",
      "integrity": "sha512-HUgH65KyejrUFPvHFPbqOY0rsFip3Bo5wb4ngvdi1EpCYWUQDC5V+Y7mZws+DLkr4M//zQJoanu1SP+87Dv1oQ==",
      "license": "MIT"
    }
  }
}
